{
  "version": 1,
  "dependencies": {
    "net10.0-windows7.0": {
      "AngleSharp": {
        "type": "Transitive",
        "resolved": "1.7.3",
        "contentHash": "I8TpSvgOPAVQHjVvXaROZOkIGZdX0tn+e9CUix6mv5pMqfyKO+/zm/dofsXgsxVTJl/sSTnEMFwrdnqxTt2axQ=="
      },
      "BouncyCastle.Cryptography": {
        "type": "Transitive",
        "resolved": "2.6.2",
        "contentHash": "7oWOcvnntmMKNzDLsdxAYqApt+AjpRpP2CShjMfIa3umZ42UQMvH0tl1qAliYPNYO6vTdcGMqnRrCPmsfzTI1w=="
      },
      "Microsoft.Data.Sqlite": {
        "type": "Transitive",
        "resolved": "10.0.9",
        "contentHash": "/eBwiZPcNisn0qZX+Zk4YCftlK/vnoWqv7hHnmSk8MjPxFdYYkmPObpogT0MfCCWN6oAIZnMCo0SoOtZlbbmgQ==",
        "dependencies": {
          "Microsoft.Data.Sqlite.Core": "10.0.9",
          "SQLitePCLRaw.bundle_e_sqlite3": "2.1.11",
          "SQLitePCLRaw.core": "2.1.11"
        }
      },
      "Microsoft.Data.Sqlite.Core": {
        "type": "Transitive",
        "resolved": "10.0.9",
        "contentHash": "iZrONyMKPjxfVZnUktqO30QjzNwAGH+AxM61s8lKQnVhgbQ3bn0hiXI129ZmVicEbIcwljyy2OVsIYUR51ZHKQ==",
        "dependencies": {
          "SQLitePCLRaw.core": "2.1.11"
        }
      },
      "MimeKit": {
        "type": "Transitive",
        "resolved": "4.17.0",
        "contentHash": "h/KXsCreJf8RpR/PSAtlbvYtZFndp9N8Wn1Bs248AL7ITyhn+AiIY5bLTvt60tbN2mu6g8KadtBNWygTji2lqg==",
        "dependencies": {
          "BouncyCastle.Cryptography": "2.6.2",
          "System.Security.Cryptography.Pkcs": "10.0.0"
        }
      },
      "PdfPig": {
        "type": "Transitive",
        "resolved": "0.1.16",
        "contentHash": "qQcbsNMYVY+K5ELptax2S8thNMk0+rSQq3H/KdYj3LLcko8yTCz8y5KIvsKxIyAuTN0ZYNnfsZkM+0EvxTwHVA=="
      },
      "SQLitePCLRaw.bundle_e_sqlite3": {
        "type": "Transitive",
        "resolved": "2.1.13",
        "contentHash": "NlDixlC7uHmo+ojXRgkNvN0tQtVGpLDZ3x2OpgNj+G07VHh5cXSszFDrAiC4BpUiPwkcaeuQkMV9WQ123xVtmQ==",
        "dependencies": {
          "SQLitePCLRaw.lib.e_sqlite3": "2.1.13",
          "SQLitePCLRaw.provider.e_sqlite3": "2.1.13"
        }
      },
      "SQLitePCLRaw.core": {
        "type": "Transitive",
        "resolved": "2.1.13",
        "contentHash": "2joofoinuHBFs0nMX3nKuXgxpXryRkCOdM2Ua6HBqQLLy6IW+5f28ZI+HAvMyF8vG7XfNz/lwfBfE6V4juru8Q=="
      },
      "SQLitePCLRaw.lib.e_sqlite3": {
        "type": "Transitive",
        "resolved": "2.1.13",
        "contentHash": "D2UAuiGxFYBqeRXjjjGgvJ5UQifzn6wefmSqeKU7XcNGKLbJRP6X7kcPZ6opOBJGdCIlgbSxTvDpBbLvsN594A=="
      },
      "SQLitePCLRaw.provider.e_sqlite3": {
        "type": "Transitive",
        "resolved": "2.1.13",
        "contentHash": "ZU60dSqoSNRe49KcQDUmOVgdRtjITOssVXFtiISs+zJXDI4D2Sndwpn2NOtzDQNPu0ZAvpoLPQ+GLKv6iEZn8Q==",
        "dependencies": {
          "SQLitePCLRaw.core": "2.1.13"
        }
      },
      "System.Security.Cryptography.Pkcs": {
        "type": "Transitive",
        "resolved": "10.0.0",
        "contentHash": "UPWqLSygJlFerRi9XNIuM0a1VC8gHUIufyP24xQ0sc+XimqUAEcjpOz9DhKpyDjH+5B/wO3RpC0KpkEeDj/ddg=="
      },
      "System.Security.Cryptography.ProtectedData": {
        "type": "Transitive",
        "resolved": "10.0.9",
        "contentHash": "vXp+vBQbTkMrDzUiPCxo1KvzfaAvZWuSRS2P7e5orhtV7ZuePKAB3Cqc9dH2YHUavRJyA2uWd2yrL6hl2VoJ5g=="
      },
      "ToolsTouch": {
        "type": "Project",
        "dependencies": {
          "System.Security.Cryptography.ProtectedData": "[10.0.9, )",
          "ToolsTouch.Application": "[1.0.0, )",
          "ToolsTouch.Infrastructure": "[1.0.0, )"
        }
      },
      "toolstouch.application": {
        "type": "Project",
        "dependencies": {
          "ToolsTouch.Core": "[1.0.0, )"
        }
      },
      "toolstouch.core": {
        "type": "Project"
      },
      "toolstouch.infrastructure": {
        "type": "Project",
        "dependencies": {
          "AngleSharp": "[1.7.3, )",
          "Microsoft.Data.Sqlite": "[10.0.9, )",
          "MimeKit": "[4.17.0, )",
          "PdfPig": "[0.1.16, )",
          "SQLitePCLRaw.bundle_e_sqlite3": "[2.1.13, )",
          "ToolsTouch.Application": "[1.0.0, )",
          "ToolsTouch.Core": "[1.0.0, )"
        }
      }
    }
  }
}